// !$*UTF8*$!
{
	archiveVersion = 1;
	classes = {
	};
	objectVersion = 50;
	objects = {

/* Begin PBXBuildFile section */
		8005276622AC6EA9000E9E18 /* Week.swift in Sources */ = {isa = PBXBuildFile; fileRef = 8005276522AC6EA9000E9E18 /* Week.swift */; };
		8005276822AD15D9000E9E18 /* WeekArray.swift in Sources */ = {isa = PBXBuildFile; fileRef = 8005276722AD15D9000E9E18 /* WeekArray.swift */; };
		80139CCA229D893A005DB896 /* WeekCollectionViewController.swift in Sources */ = {isa = PBXBuildFile; fileRef = 80139CC9229D893A005DB896 /* WeekCollectionViewController.swift */; };
		80139CCC229D8E22005DB896 /* WeekCollectionViewCell.swift in Sources */ = {isa = PBXBuildFile; fileRef = 80139CCB229D8E22005DB896 /* WeekCollectionViewCell.swift */; };
		80139CCE229D8F23005DB896 /* WeekCollectionReusableView.swift in Sources */ = {isa = PBXBuildFile; fileRef = 80139CCD229D8F23005DB896 /* WeekCollectionReusableView.swift */; };
		8018F2D022A17C900097FAD3 /* check.png in Resources */ = {isa = PBXBuildFile; fileRef = 8018F2CF22A17C900097FAD3 /* check.png */; };
		8018F2D222A185EF0097FAD3 /* blank.png in Resources */ = {isa = PBXBuildFile; fileRef = 8018F2D122A185EF0097FAD3 /* blank.png */; };
		80285F9122AF04B9007BF088 /* ScheduleBlockCell.swift in Sources */ = {isa = PBXBuildFile; fileRef = 80285F9022AF04B9007BF088 /* ScheduleBlockCell.swift */; };
		80285F9322B0632B007BF088 /* User.swift in Sources */ = {isa = PBXBuildFile; fileRef = 80285F9222B0632B007BF088 /* User.swift */; };
		802C115C22DB8262008848EC /* paper.png in Resources */ = {isa = PBXBuildFile; fileRef = 802C115B22DB8262008848EC /* paper.png */; };
		802C115E22DB8923008848EC /* print.png in Resources */ = {isa = PBXBuildFile; fileRef = 802C115D22DB8923008848EC /* print.png */; };
		8032ED5B22A48AC200F17A43 /* CalendarDays.swift in Sources */ = {isa = PBXBuildFile; fileRef = 8032ED5A22A48AC200F17A43 /* CalendarDays.swift */; };
		8038239A2290A024006209C0 /* ActivityCell.swift in Sources */ = {isa = PBXBuildFile; fileRef = 803823992290A024006209C0 /* ActivityCell.swift */; };
		8038239B2290AB7B006209C0 /* SignUpCollectionViewController.swift in Sources */ = {isa = PBXBuildFile; fileRef = 80B1EA0F2289EFFB00A01E8E /* SignUpCollectionViewController.swift */; };
		804246EE2291DAC800E1F281 /* SignUpHeaderCollectionReusableView.swift in Sources */ = {isa = PBXBuildFile; fileRef = 804246ED2291DAC800E1F281 /* SignUpHeaderCollectionReusableView.swift */; };
		804246F0229CA22B00E1F281 /* Participants.swift in Sources */ = {isa = PBXBuildFile; fileRef = 804246EF229CA22B00E1F281 /* Participants.swift */; };
		804AAC7422C82075004BC3BD /* ReportGenerator.swift in Sources */ = {isa = PBXBuildFile; fileRef = 804AAC7322C82075004BC3BD /* ReportGenerator.swift */; };
		805D7D7E229DE34A006A2819 /* EditActivityViewController.swift in Sources */ = {isa = PBXBuildFile; fileRef = 805D7D7D229DE34A006A2819 /* EditActivityViewController.swift */; };
		8064F45722D92290004A78AD /* PDFViewController.swift in Sources */ = {isa = PBXBuildFile; fileRef = 8064F45622D92290004A78AD /* PDFViewController.swift */; };
		8064F45922D926C7004A78AD /* emailBW.png in Resources */ = {isa = PBXBuildFile; fileRef = 8064F45822D926C7004A78AD /* emailBW.png */; };
		8064F45B22D926D7004A78AD /* back.png in Resources */ = {isa = PBXBuildFile; fileRef = 8064F45A22D926D7004A78AD /* back.png */; };
		8069BE49228B6D44000935AD /* Filehelpers.swift in Sources */ = {isa = PBXBuildFile; fileRef = 8069BE48228B6D44000935AD /* Filehelpers.swift */; };
		80AD0FE722AE8C73006C3792 /* ReportManagerViewController.swift in Sources */ = {isa = PBXBuildFile; fileRef = 80AD0FE622AE8C73006C3792 /* ReportManagerViewController.swift */; };
		80AD0FE922AE8CE0006C3792 /* ActivitiesManagerViewController.swift in Sources */ = {isa = PBXBuildFile; fileRef = 80AD0FE822AE8CE0006C3792 /* ActivitiesManagerViewController.swift */; };
		80AD0FEB22AE8E1C006C3792 /* ParticipantManagerViewController.swift in Sources */ = {isa = PBXBuildFile; fileRef = 80AD0FEA22AE8E1C006C3792 /* ParticipantManagerViewController.swift */; };
		80B1E9D42289EC7000A01E8E /* AppDelegate.swift in Sources */ = {isa = PBXBuildFile; fileRef = 80B1E9D32289EC7000A01E8E /* AppDelegate.swift */; };
		80B1E9D92289EC7000A01E8E /* Main.storyboard in Resources */ = {isa = PBXBuildFile; fileRef = 80B1E9D72289EC7000A01E8E /* Main.storyboard */; };
		80B1E9DB2289EC7300A01E8E /* Assets.xcassets in Resources */ = {isa = PBXBuildFile; fileRef = 80B1E9DA2289EC7300A01E8E /* Assets.xcassets */; };
		80B1E9DE2289EC7300A01E8E /* LaunchScreen.storyboard in Resources */ = {isa = PBXBuildFile; fileRef = 80B1E9DC2289EC7300A01E8E /* LaunchScreen.storyboard */; };
		80B1E9E92289EC7400A01E8E /* MyScheduleTests.swift in Sources */ = {isa = PBXBuildFile; fileRef = 80B1E9E82289EC7400A01E8E /* MyScheduleTests.swift */; };
		80B1E9F42289EC7400A01E8E /* MyScheduleUITests.swift in Sources */ = {isa = PBXBuildFile; fileRef = 80B1E9F32289EC7400A01E8E /* MyScheduleUITests.swift */; };
		80B1EA022289ED2800A01E8E /* ActivityItem.swift in Sources */ = {isa = PBXBuildFile; fileRef = 80B1EA012289ED2800A01E8E /* ActivityItem.swift */; };
		80B1EA042289ED4500A01E8E /* ScheduleBlock.swift in Sources */ = {isa = PBXBuildFile; fileRef = 80B1EA032289ED4500A01E8E /* ScheduleBlock.swift */; };
		80B1EA082289ED8600A01E8E /* FirstPageViewController.swift in Sources */ = {isa = PBXBuildFile; fileRef = 80B1EA072289ED8600A01E8E /* FirstPageViewController.swift */; };
		80B1EA0A2289EDB300A01E8E /* AdminViewController.swift in Sources */ = {isa = PBXBuildFile; fileRef = 80B1EA092289EDB300A01E8E /* AdminViewController.swift */; };
		80B1EA0C2289EDCC00A01E8E /* AddActivitiesViewController.swift in Sources */ = {isa = PBXBuildFile; fileRef = 80B1EA0B2289EDCC00A01E8E /* AddActivitiesViewController.swift */; };
		80B1EA0E2289EE1D00A01E8E /* SeeWeekViewController.swift in Sources */ = {isa = PBXBuildFile; fileRef = 80B1EA0D2289EE1D00A01E8E /* SeeWeekViewController.swift */; };
		80B1EA4E228B3E0C00A01E8E /* Constants.swift in Sources */ = {isa = PBXBuildFile; fileRef = 80B1EA4D228B3E0C00A01E8E /* Constants.swift */; };
/* End PBXBuildFile section */

/* Begin PBXContainerItemProxy section */
		80B1E9E52289EC7400A01E8E /* PBXContainerItemProxy */ = {
			isa = PBXContainerItemProxy;
			containerPortal = 80B1E9C82289EC7000A01E8E /* Project object */;
			proxyType = 1;
			remoteGlobalIDString = 80B1E9CF2289EC7000A01E8E;
			remoteInfo = MySchedule;
		};
		80B1E9F02289EC7400A01E8E /* PBXContainerItemProxy */ = {
			isa = PBXContainerItemProxy;
			containerPortal = 80B1E9C82289EC7000A01E8E /* Project object */;
			proxyType = 1;
			remoteGlobalIDString = 80B1E9CF2289EC7000A01E8E;
			remoteInfo = MySchedule;
		};
/* End PBXContainerItemProxy section */

/* Begin PBXFileReference section */
		8005276522AC6EA9000E9E18 /* Week.swift */ = {isa = PBXFileReference; lastKnownFileType = sourcecode.swift; path = Week.swift; sourceTree = "<group>"; };
		8005276722AD15D9000E9E18 /* WeekArray.swift */ = {isa = PBXFileReference; lastKnownFileType = sourcecode.swift; path = WeekArray.swift; sourceTree = "<group>"; };
		80139CC9229D893A005DB896 /* WeekCollectionViewController.swift */ = {isa = PBXFileReference; lastKnownFileType = sourcecode.swift; path = WeekCollectionViewController.swift; sourceTree = "<group>"; };
		80139CCB229D8E22005DB896 /* WeekCollectionViewCell.swift */ = {isa = PBXFileReference; lastKnownFileType = sourcecode.swift; path = WeekCollectionViewCell.swift; sourceTree = "<group>"; };
		80139CCD229D8F23005DB896 /* WeekCollectionReusableView.swift */ = {isa = PBXFileReference; lastKnownFileType = sourcecode.swift; path = WeekCollectionReusableView.swift; sourceTree = "<group>"; };
		8018F2CF22A17C900097FAD3 /* check.png */ = {isa = PBXFileReference; lastKnownFileType = image.png; path = check.png; sourceTree = "<group>"; };
		8018F2D122A185EF0097FAD3 /* blank.png */ = {isa = PBXFileReference; lastKnownFileType = image.png; path = blank.png; sourceTree = "<group>"; };
		80285F9022AF04B9007BF088 /* ScheduleBlockCell.swift */ = {isa = PBXFileReference; lastKnownFileType = sourcecode.swift; path = ScheduleBlockCell.swift; sourceTree = "<group>"; };
		80285F9222B0632B007BF088 /* User.swift */ = {isa = PBXFileReference; lastKnownFileType = sourcecode.swift; path = User.swift; sourceTree = "<group>"; };
		802C115B22DB8262008848EC /* paper.png */ = {isa = PBXFileReference; lastKnownFileType = image.png; path = paper.png; sourceTree = "<group>"; };
		802C115D22DB8923008848EC /* print.png */ = {isa = PBXFileReference; lastKnownFileType = image.png; path = print.png; sourceTree = "<group>"; };
		8032ED5A22A48AC200F17A43 /* CalendarDays.swift */ = {isa = PBXFileReference; fileEncoding = 4; lastKnownFileType = sourcecode.swift; path = CalendarDays.swift; sourceTree = "<group>"; };
		803823992290A024006209C0 /* ActivityCell.swift */ = {isa = PBXFileReference; lastKnownFileType = sourcecode.swift; path = ActivityCell.swift; sourceTree = "<group>"; };
		804246ED2291DAC800E1F281 /* SignUpHeaderCollectionReusableView.swift */ = {isa = PBXFileReference; lastKnownFileType = sourcecode.swift; path = SignUpHeaderCollectionReusableView.swift; sourceTree = "<group>"; };
		804246EF229CA22B00E1F281 /* Participants.swift */ = {isa = PBXFileReference; lastKnownFileType = sourcecode.swift; path = Participants.swift; sourceTree = "<group>"; };
		804AAC7322C82075004BC3BD /* ReportGenerator.swift */ = {isa = PBXFileReference; fileEncoding = 4; lastKnownFileType = sourcecode.swift; path = ReportGenerator.swift; sourceTree = "<group>"; };
		805D7D7D229DE34A006A2819 /* EditActivityViewController.swift */ = {isa = PBXFileReference; lastKnownFileType = sourcecode.swift; path = EditActivityViewController.swift; sourceTree = "<group>"; };
		8064F45622D92290004A78AD /* PDFViewController.swift */ = {isa = PBXFileReference; fileEncoding = 4; lastKnownFileType = sourcecode.swift; path = PDFViewController.swift; sourceTree = "<group>"; };
		8064F45822D926C7004A78AD /* emailBW.png */ = {isa = PBXFileReference; lastKnownFileType = image.png; path = emailBW.png; sourceTree = "<group>"; };
		8064F45A22D926D7004A78AD /* back.png */ = {isa = PBXFileReference; lastKnownFileType = image.png; path = back.png; sourceTree = "<group>"; };
		8069BE48228B6D44000935AD /* Filehelpers.swift */ = {isa = PBXFileReference; fileEncoding = 4; lastKnownFileType = sourcecode.swift; path = Filehelpers.swift; sourceTree = "<group>"; };
		80AD0FE622AE8C73006C3792 /* ReportManagerViewController.swift */ = {isa = PBXFileReference; lastKnownFileType = sourcecode.swift; path = ReportManagerViewController.swift; sourceTree = "<group>"; };
		80AD0FE822AE8CE0006C3792 /* ActivitiesManagerViewController.swift */ = {isa = PBXFileReference; lastKnownFileType = sourcecode.swift; path = ActivitiesManagerViewController.swift; sourceTree = "<group>"; };
		80AD0FEA22AE8E1C006C3792 /* ParticipantManagerViewController.swift */ = {isa = PBXFileReference; lastKnownFileType = sourcecode.swift; path = ParticipantManagerViewController.swift; sourceTree = "<group>"; };
		80B1E9D02289EC7000A01E8E /* MySchedule.app */ = {isa = PBXFileReference; explicitFileType = wrapper.application; includeInIndex = 0; path = MySchedule.app; sourceTree = BUILT_PRODUCTS_DIR; };
		80B1E9D32289EC7000A01E8E /* AppDelegate.swift */ = {isa = PBXFileReference; lastKnownFileType = sourcecode.swift; path = AppDelegate.swift; sourceTree = "<group>"; };
		80B1E9D82289EC7000A01E8E /* Base */ = {isa = PBXFileReference; lastKnownFileType = file.storyboard; name = Base; path = Base.lproj/Main.storyboard; sourceTree = "<group>"; };
		80B1E9DA2289EC7300A01E8E /* Assets.xcassets */ = {isa = PBXFileReference; lastKnownFileType = folder.assetcatalog; path = Assets.xcassets; sourceTree = "<group>"; };
		80B1E9DD2289EC7300A01E8E /* Base */ = {isa = PBXFileReference; lastKnownFileType = file.storyboard; name = Base; path = Base.lproj/LaunchScreen.storyboard; sourceTree = "<group>"; };
		80B1E9DF2289EC7400A01E8E /* Info.plist */ = {isa = PBXFileReference; lastKnownFileType = text.plist.xml; path = Info.plist; sourceTree = "<group>"; };
		80B1E9E42289EC7400A01E8E /* MyScheduleTests.xctest */ = {isa = PBXFileReference; explicitFileType = wrapper.cfbundle; includeInIndex = 0; path = MyScheduleTests.xctest; sourceTree = BUILT_PRODUCTS_DIR; };
		80B1E9E82289EC7400A01E8E /* MyScheduleTests.swift */ = {isa = PBXFileReference; lastKnownFileType = sourcecode.swift; path = MyScheduleTests.swift; sourceTree = "<group>"; };
		80B1E9EA2289EC7400A01E8E /* Info.plist */ = {isa = PBXFileReference; lastKnownFileType = text.plist.xml; path = Info.plist; sourceTree = "<group>"; };
		80B1E9EF2289EC7400A01E8E /* MyScheduleUITests.xctest */ = {isa = PBXFileReference; explicitFileType = wrapper.cfbundle; includeInIndex = 0; path = MyScheduleUITests.xctest; sourceTree = BUILT_PRODUCTS_DIR; };
		80B1E9F32289EC7400A01E8E /* MyScheduleUITests.swift */ = {isa = PBXFileReference; lastKnownFileType = sourcecode.swift; path = MyScheduleUITests.swift; sourceTree = "<group>"; };
		80B1E9F52289EC7400A01E8E /* Info.plist */ = {isa = PBXFileReference; lastKnownFileType = text.plist.xml; path = Info.plist; sourceTree = "<group>"; };
		80B1EA012289ED2800A01E8E /* ActivityItem.swift */ = {isa = PBXFileReference; lastKnownFileType = sourcecode.swift; path = ActivityItem.swift; sourceTree = "<group>"; };
		80B1EA032289ED4500A01E8E /* ScheduleBlock.swift */ = {isa = PBXFileReference; lastKnownFileType = sourcecode.swift; path = ScheduleBlock.swift; sourceTree = "<group>"; };
		80B1EA072289ED8600A01E8E /* FirstPageViewController.swift */ = {isa = PBXFileReference; lastKnownFileType = sourcecode.swift; path = FirstPageViewController.swift; sourceTree = "<group>"; };
		80B1EA092289EDB300A01E8E /* AdminViewController.swift */ = {isa = PBXFileReference; lastKnownFileType = sourcecode.swift; path = AdminViewController.swift; sourceTree = "<group>"; };
		80B1EA0B2289EDCC00A01E8E /* AddActivitiesViewController.swift */ = {isa = PBXFileReference; lastKnownFileType = sourcecode.swift; path = AddActivitiesViewController.swift; sourceTree = "<group>"; };
		80B1EA0D2289EE1D00A01E8E /* SeeWeekViewController.swift */ = {isa = PBXFileReference; lastKnownFileType = sourcecode.swift; path = SeeWeekViewController.swift; sourceTree = "<group>"; };
		80B1EA0F2289EFFB00A01E8E /* SignUpCollectionViewController.swift */ = {isa = PBXFileReference; lastKnownFileType = sourcecode.swift; path = SignUpCollectionViewController.swift; sourceTree = "<group>"; };
		80B1EA4D228B3E0C00A01E8E /* Constants.swift */ = {isa = PBXFileReference; lastKnownFileType = sourcecode.swift; path = Constants.swift; sourceTree = "<group>"; };
/* End PBXFileReference section */

/* Begin PBXFrameworksBuildPhase section */
		80B1E9CD2289EC7000A01E8E /* Frameworks */ = {
			isa = PBXFrameworksBuildPhase;
			buildActionMask = 2147483647;
			files = (
			);
			runOnlyForDeploymentPostprocessing = 0;
		};
		80B1E9E12289EC7400A01E8E /* Frameworks */ = {
			isa = PBXFrameworksBuildPhase;
			buildActionMask = 2147483647;
			files = (
			);
			runOnlyForDeploymentPostprocessing = 0;
		};
		80B1E9EC2289EC7400A01E8E /* Frameworks */ = {
			isa = PBXFrameworksBuildPhase;
			buildActionMask = 2147483647;
			files = (
			);
			runOnlyForDeploymentPostprocessing = 0;
		};
/* End PBXFrameworksBuildPhase section */

/* Begin PBXGroup section */
		800BC87A22CE6AF800D99E6B /* Models */ = {
			isa = PBXGroup;
			children = (
				80B1EA012289ED2800A01E8E /* ActivityItem.swift */,
				804246EF229CA22B00E1F281 /* Participants.swift */,
				80B1EA032289ED4500A01E8E /* ScheduleBlock.swift */,
				80285F9222B0632B007BF088 /* User.swift */,
				8005276522AC6EA9000E9E18 /* Week.swift */,
				8005276722AD15D9000E9E18 /* WeekArray.swift */,
			);
			path = Models;
			sourceTree = "<group>";
		};
		800BC87B22CE6B3300D99E6B /* CollectionViewCells */ = {
			isa = PBXGroup;
			children = (
				803823992290A024006209C0 /* ActivityCell.swift */,
				80285F9022AF04B9007BF088 /* ScheduleBlockCell.swift */,
				80139CCB229D8E22005DB896 /* WeekCollectionViewCell.swift */,
			);
			path = CollectionViewCells;
			sourceTree = "<group>";
		};
		800BC87C22CE6B6600D99E6B /* ViewControllers */ = {
			isa = PBXGroup;
			children = (
				80AD0FE822AE8CE0006C3792 /* ActivitiesManagerViewController.swift */,
				80B1EA0B2289EDCC00A01E8E /* AddActivitiesViewController.swift */,
				80B1EA092289EDB300A01E8E /* AdminViewController.swift */,
				805D7D7D229DE34A006A2819 /* EditActivityViewController.swift */,
				80B1EA072289ED8600A01E8E /* FirstPageViewController.swift */,
				80AD0FEA22AE8E1C006C3792 /* ParticipantManagerViewController.swift */,
				8064F45622D92290004A78AD /* PDFViewController.swift */,
				80AD0FE622AE8C73006C3792 /* ReportManagerViewController.swift */,
				80B1EA0D2289EE1D00A01E8E /* SeeWeekViewController.swift */,
				80B1EA0F2289EFFB00A01E8E /* SignUpCollectionViewController.swift */,
				80139CC9229D893A005DB896 /* WeekCollectionViewController.swift */,
			);
			path = ViewControllers;
			sourceTree = "<group>";
		};
		800BC87D22CE6BCB00D99E6B /* HelperFiles */ = {
			isa = PBXGroup;
			children = (
				8064F45A22D926D7004A78AD /* back.png */,
				8064F45822D926C7004A78AD /* emailBW.png */,
				8032ED5A22A48AC200F17A43 /* CalendarDays.swift */,
				8069BE48228B6D44000935AD /* Filehelpers.swift */,
				804AAC7322C82075004BC3BD /* ReportGenerator.swift */,
			);
			path = HelperFiles;
			sourceTree = "<group>";
		};
		80B1E9C72289EC7000A01E8E = {
			isa = PBXGroup;
			children = (
				80B1E9D22289EC7000A01E8E /* MySchedule */,
				80B1E9E72289EC7400A01E8E /* MyScheduleTests */,
				80B1E9F22289EC7400A01E8E /* MyScheduleUITests */,
				80B1E9D12289EC7000A01E8E /* Products */,
			);
			sourceTree = "<group>";
		};
		80B1E9D12289EC7000A01E8E /* Products */ = {
			isa = PBXGroup;
			children = (
				80B1E9D02289EC7000A01E8E /* MySchedule.app */,
				80B1E9E42289EC7400A01E8E /* MyScheduleTests.xctest */,
				80B1E9EF2289EC7400A01E8E /* MyScheduleUITests.xctest */,
			);
			name = Products;
			sourceTree = "<group>";
		};
		80B1E9D22289EC7000A01E8E /* MySchedule */ = {
			isa = PBXGroup;
			children = (
				80B1E9D32289EC7000A01E8E /* AppDelegate.swift */,
				80B1E9D72289EC7000A01E8E /* Main.storyboard */,
				80B1E9DA2289EC7300A01E8E /* Assets.xcassets */,
				80B1E9DC2289EC7300A01E8E /* LaunchScreen.storyboard */,
				80B1E9DF2289EC7400A01E8E /* Info.plist */,
				800BC87A22CE6AF800D99E6B /* Models */,
				800BC87B22CE6B3300D99E6B /* CollectionViewCells */,
				800BC87C22CE6B6600D99E6B /* ViewControllers */,
				80B1EA4D228B3E0C00A01E8E /* Constants.swift */,
				800BC87D22CE6BCB00D99E6B /* HelperFiles */,
				804246ED2291DAC800E1F281 /* SignUpHeaderCollectionReusableView.swift */,
				80139CCD229D8F23005DB896 /* WeekCollectionReusableView.swift */,
				8018F2D122A185EF0097FAD3 /* blank.png */,
				8018F2CF22A17C900097FAD3 /* check.png */,
				802C115D22DB8923008848EC /* print.png */,
				802C115B22DB8262008848EC /* paper.png */,
			);
			path = MySchedule;
			sourceTree = "<group>";
		};
		80B1E9E72289EC7400A01E8E /* MyScheduleTests */ = {
			isa = PBXGroup;
			children = (
				80B1E9E82289EC7400A01E8E /* MyScheduleTests.swift */,
				80B1E9EA2289EC7400A01E8E /* Info.plist */,
			);
			path = MyScheduleTests;
			sourceTree = "<group>";
		};
		80B1E9F22289EC7400A01E8E /* MyScheduleUITests */ = {
			isa = PBXGroup;
			children = (
				80B1E9F32289EC7400A01E8E /* MyScheduleUITests.swift */,
				80B1E9F52289EC7400A01E8E /* Info.plist */,
			);
			path = MyScheduleUITests;
			sourceTree = "<group>";
		};
/* End PBXGroup section */

/* Begin PBXNativeTarget section */
		80B1E9CF2289EC7000A01E8E /* MySchedule */ = {
			isa = PBXNativeTarget;
			buildConfigurationList = 80B1E9F82289EC7400A01E8E /* Build configuration list for PBXNativeTarget "MySchedule" */;
			buildPhases = (
				80B1E9CC2289EC7000A01E8E /* Sources */,
				80B1E9CD2289EC7000A01E8E /* Frameworks */,
				80B1E9CE2289EC7000A01E8E /* Resources */,
			);
			buildRules = (
			);
			dependencies = (
			);
			name = MySchedule;
			productName = MySchedule;
			productReference = 80B1E9D02289EC7000A01E8E /* MySchedule.app */;
			productType = "com.apple.product-type.application";
		};
		80B1E9E32289EC7400A01E8E /* MyScheduleTests */ = {
			isa = PBXNativeTarget;
			buildConfigurationList = 80B1E9FB2289EC7400A01E8E /* Build configuration list for PBXNativeTarget "MyScheduleTests" */;
			buildPhases = (
				80B1E9E02289EC7400A01E8E /* Sources */,
				80B1E9E12289EC7400A01E8E /* Frameworks */,
				80B1E9E22289EC7400A01E8E /* Resources */,
			);
			buildRules = (
			);
			dependencies = (
				80B1E9E62289EC7400A01E8E /* PBXTargetDependency */,
			);
			name = MyScheduleTests;
			productName = MyScheduleTests;
			productReference = 80B1E9E42289EC7400A01E8E /* MyScheduleTests.xctest */;
			productType = "com.apple.product-type.bundle.unit-test";
		};
		80B1E9EE2289EC7400A01E8E /* MyScheduleUITests */ = {
			isa = PBXNativeTarget;
			buildConfigurationList = 80B1E9FE2289EC7400A01E8E /* Build configuration list for PBXNativeTarget "MyScheduleUITests" */;
			buildPhases = (
				80B1E9EB2289EC7400A01E8E /* Sources */,
				80B1E9EC2289EC7400A01E8E /* Frameworks */,
				80B1E9ED2289EC7400A01E8E /* Resources */,
			);
			buildRules = (
			);
			dependencies = (
				80B1E9F12289EC7400A01E8E /* PBXTargetDependency */,
			);
			name = MyScheduleUITests;
			productName = MyScheduleUITests;
			productReference = 80B1E9EF2289EC7400A01E8E /* MyScheduleUITests.xctest */;
			productType = "com.apple.product-type.bundle.ui-testing";
		};
/* End PBXNativeTarget section */

/* Begin PBXProject section */
		80B1E9C82289EC7000A01E8E /* Project object */ = {
			isa = PBXProject;
			attributes = {
				LastSwiftUpdateCheck = 1020;
				LastUpgradeCheck = 1020;
				ORGANIZATIONNAME = AppsByGeorge;
				TargetAttributes = {
					80B1E9CF2289EC7000A01E8E = {
						CreatedOnToolsVersion = 10.2.1;
					};
					80B1E9E32289EC7400A01E8E = {
						CreatedOnToolsVersion = 10.2.1;
						TestTargetID = 80B1E9CF2289EC7000A01E8E;
					};
					80B1E9EE2289EC7400A01E8E = {
						CreatedOnToolsVersion = 10.2.1;
						TestTargetID = 80B1E9CF2289EC7000A01E8E;
					};
				};
			};
			buildConfigurationList = 80B1E9CB2289EC7000A01E8E /* Build configuration list for PBXProject "MySchedule" */;
			compatibilityVersion = "Xcode 9.3";
			developmentRegion = en;
			hasScannedForEncodings = 0;
			knownRegions = (
				en,
				Base,
			);
			mainGroup = 80B1E9C72289EC7000A01E8E;
			productRefGroup = 80B1E9D12289EC7000A01E8E /* Products */;
			projectDirPath = "";
			projectRoot = "";
			targets = (
				80B1E9CF2289EC7000A01E8E /* MySchedule */,
				80B1E9E32289EC7400A01E8E /* MyScheduleTests */,
				80B1E9EE2289EC7400A01E8E /* MyScheduleUITests */,
			);
		};
/* End PBXProject section */

/* Begin PBXResourcesBuildPhase section */
		80B1E9CE2289EC7000A01E8E /* Resources */ = {
			isa = PBXResourcesBuildPhase;
			buildActionMask = 2147483647;
			files = (
				80B1E9DE2289EC7300A01E8E /* LaunchScreen.storyboard in Resources */,
				80B1E9DB2289EC7300A01E8E /* Assets.xcassets in Resources */,
				8018F2D022A17C900097FAD3 /* check.png in Resources */,
				80B1E9D92289EC7000A01E8E /* Main.storyboard in Resources */,
				802C115C22DB8262008848EC /* paper.png in Resources */,
				802C115E22DB8923008848EC /* print.png in Resources */,
				8064F45B22D926D7004A78AD /* back.png in Resources */,
				8018F2D222A185EF0097FAD3 /* blank.png in Resources */,
				8064F45922D926C7004A78AD /* emailBW.png in Resources */,
			);
			runOnlyForDeploymentPostprocessing = 0;
		};
		80B1E9E22289EC7400A01E8E /* Resources */ = {
			isa = PBXResourcesBuildPhase;
			buildActionMask = 2147483647;
			files = (
			);
			runOnlyForDeploymentPostprocessing = 0;
		};
		80B1E9ED2289EC7400A01E8E /* Resources */ = {
			isa = PBXResourcesBuildPhase;
			buildActionMask = 2147483647;
			files = (
			);
			runOnlyForDeploymentPostprocessing = 0;
		};
/* End PBXResourcesBuildPhase section */

/* Begin PBXSourcesBuildPhase section */
		80B1E9CC2289EC7000A01E8E /* Sources */ = {
			isa = PBXSourcesBuildPhase;
			buildActionMask = 2147483647;
			files = (
				8032ED5B22A48AC200F17A43 /* CalendarDays.swift in Sources */,
				8038239B2290AB7B006209C0 /* SignUpCollectionViewController.swift in Sources */,
				80AD0FEB22AE8E1C006C3792 /* ParticipantManagerViewController.swift in Sources */,
				80285F9322B0632B007BF088 /* User.swift in Sources */,
				8005276622AC6EA9000E9E18 /* Week.swift in Sources */,
				8038239A2290A024006209C0 /* ActivityCell.swift in Sources */,
				80139CCA229D893A005DB896 /* WeekCollectionViewController.swift in Sources */,
				80B1EA082289ED8600A01E8E /* FirstPageViewController.swift in Sources */,
				80B1EA022289ED2800A01E8E /* ActivityItem.swift in Sources */,
				8064F45722D92290004A78AD /* PDFViewController.swift in Sources */,
				80AD0FE922AE8CE0006C3792 /* ActivitiesManagerViewController.swift in Sources */,
				80139CCE229D8F23005DB896 /* WeekCollectionReusableView.swift in Sources */,
				80AD0FE722AE8C73006C3792 /* ReportManagerViewController.swift in Sources */,
				80B1EA0C2289EDCC00A01E8E /* AddActivitiesViewController.swift in Sources */,
				804AAC7422C82075004BC3BD /* ReportGenerator.swift in Sources */,
				8005276822AD15D9000E9E18 /* WeekArray.swift in Sources */,
				80B1EA042289ED4500A01E8E /* ScheduleBlock.swift in Sources */,
				80B1EA4E228B3E0C00A01E8E /* Constants.swift in Sources */,
				80B1EA0A2289EDB300A01E8E /* AdminViewController.swift in Sources */,
				80B1E9D42289EC7000A01E8E /* AppDelegate.swift in Sources */,
				80139CCC229D8E22005DB896 /* WeekCollectionViewCell.swift in Sources */,
				80285F9122AF04B9007BF088 /* ScheduleBlockCell.swift in Sources */,
				804246F0229CA22B00E1F281 /* Participants.swift in Sources */,
				8069BE49228B6D44000935AD /* Filehelpers.swift in Sources */,
				805D7D7E229DE34A006A2819 /* EditActivityViewController.swift in Sources */,
				80B1EA0E2289EE1D00A01E8E /* SeeWeekViewController.swift in Sources */,
				804246EE2291DAC800E1F281 /* SignUpHeaderCollectionReusableView.swift in Sources */,
			);
			runOnlyForDeploymentPostprocessing = 0;
		};
		80B1E9E02289EC7400A01E8E /* Sources */ = {
			isa = PBXSourcesBuildPhase;
			buildActionMask = 2147483647;
			files = (
				80B1E9E92289EC7400A01E8E /* MyScheduleTests.swift in Sources */,
			);
			runOnlyForDeploymentPostprocessing = 0;
		};
		80B1E9EB2289EC7400A01E8E /* Sources */ = {
			isa = PBXSourcesBuildPhase;
			buildActionMask = 2147483647;
			files = (
				80B1E9F42289EC7400A01E8E /* MyScheduleUITests.swift in Sources */,
			);
			runOnlyForDeploymentPostprocessing = 0;
		};
/* End PBXSourcesBuildPhase section */

/* Begin PBXTargetDependency section */
		80B1E9E62289EC7400A01E8E /* PBXTargetDependency */ = {
			isa = PBXTargetDependency;
			target = 80B1E9CF2289EC7000A01E8E /* MySchedule */;
			targetProxy = 80B1E9E52289EC7400A01E8E /* PBXContainerItemProxy */;
		};
		80B1E9F12289EC7400A01E8E /* PBXTargetDependency */ = {
			isa = PBXTargetDependency;
			target = 80B1E9CF2289EC7000A01E8E /* MySchedule */;
			targetProxy = 80B1E9F02289EC7400A01E8E /* PBXContainerItemProxy */;
		};
/* End PBXTargetDependency section */

/* Begin PBXVariantGroup section */
		80B1E9D72289EC7000A01E8E /* Main.storyboard */ = {
			isa = PBXVariantGroup;
			children = (
				80B1E9D82289EC7000A01E8E /* Base */,
			);
			name = Main.storyboard;
			sourceTree = "<group>";
		};
		80B1E9DC2289EC7300A01E8E /* LaunchScreen.storyboard */ = {
			isa = PBXVariantGroup;
			children = (
				80B1E9DD2289EC7300A01E8E /* Base */,
			);
			name = LaunchScreen.storyboard;
			sourceTree = "<group>";
		};
/* End PBXVariantGroup section */

/* Begin XCBuildConfiguration section */
		80B1E9F62289EC7400A01E8E /* Debug */ = {
			isa = XCBuildConfiguration;
			buildSettings = {
				ALWAYS_SEARCH_USER_PATHS = NO;
				CLANG_ANALYZER_NONNULL = YES;
				CLANG_ANALYZER_NUMBER_OBJECT_CONVERSION = YES_AGGRESSIVE;
				CLANG_CXX_LANGUAGE_STANDARD = "gnu++14";
				CLANG_CXX_LIBRARY = "libc++";
				CLANG_ENABLE_MODULES = YES;
				CLANG_ENABLE_OBJC_ARC = YES;
				CLANG_ENABLE_OBJC_WEAK = YES;
				CLANG_WARN_BLOCK_CAPTURE_AUTORELEASING = YES;
				CLANG_WARN_BOOL_CONVERSION = YES;
				CLANG_WARN_COMMA = YES;
				CLANG_WARN_CONSTANT_CONVERSION = YES;
				CLANG_WARN_DEPRECATED_OBJC_IMPLEMENTATIONS = YES;
				CLANG_WARN_DIRECT_OBJC_ISA_USAGE = YES_ERROR;
				CLANG_WARN_DOCUMENTATION_COMMENTS = YES;
				CLANG_WARN_EMPTY_BODY = YES;
				CLANG_WARN_ENUM_CONVERSION = YES;
				CLANG_WARN_INFINITE_RECURSION = YES;
				CLANG_WARN_INT_CONVERSION = YES;
				CLANG_WARN_NON_LITERAL_NULL_CONVERSION = YES;
				CLANG_WARN_OBJC_IMPLICIT_RETAIN_SELF = YES;
				CLANG_WARN_OBJC_LITERAL_CONVERSION = YES;
				CLANG_WARN_OBJC_ROOT_CLASS = YES_ERROR;
				CLANG_WARN_RANGE_LOOP_ANALYSIS = YES;
				CLANG_WARN_STRICT_PROTOTYPES = YES;
				CLANG_WARN_SUSPICIOUS_MOVE = YES;
				CLANG_WARN_UNGUARDED_AVAILABILITY = YES_AGGRESSIVE;
				CLANG_WARN_UNREACHABLE_CODE = YES;
				CLANG_WARN__DUPLICATE_METHOD_MATCH = YES;
				CODE_SIGN_IDENTITY = "iPhone Developer";
				COPY_PHASE_STRIP = NO;
				DEBUG_INFORMATION_FORMAT = dwarf;
				ENABLE_STRICT_OBJC_MSGSEND = YES;
				ENABLE_TESTABILITY = YES;
				GCC_C_LANGUAGE_STANDARD = gnu11;
				GCC_DYNAMIC_NO_PIC = NO;
				GCC_NO_COMMON_BLOCKS = YES;
				GCC_OPTIMIZATION_LEVEL = 0;
				GCC_PREPROCESSOR_DEFINITIONS = (
					"DEBUG=1",
					"$(inherited)",
				);
				GCC_WARN_64_TO_32_BIT_CONVERSION = YES;
				GCC_WARN_ABOUT_RETURN_TYPE = YES_ERROR;
				GCC_WARN_UNDECLARED_SELECTOR = YES;
				GCC_WARN_UNINITIALIZED_AUTOS = YES_AGGRESSIVE;
				GCC_WARN_UNUSED_FUNCTION = YES;
				GCC_WARN_UNUSED_VARIABLE = YES;
				IPHONEOS_DEPLOYMENT_TARGET = 12.0;
				MTL_ENABLE_DEBUG_INFO = INCLUDE_SOURCE;
				MTL_FAST_MATH = YES;
				ONLY_ACTIVE_ARCH = YES;
				SDKROOT = iphoneos;
				SWIFT_ACTIVE_COMPILATION_CONDITIONS = DEBUG;
				SWIFT_OPTIMIZATION_LEVEL = "-Onone";
			};
			name = Debug;
		};
		80B1E9F72289EC7400A01E8E /* Release */ = {
			isa = XCBuildConfiguration;
			buildSettings = {
				ALWAYS_SEARCH_USER_PATHS = NO;
				CLANG_ANALYZER_NONNULL = YES;
				CLANG_ANALYZER_NUMBER_OBJECT_CONVERSION = YES_AGGRESSIVE;
				CLANG_CXX_LANGUAGE_STANDARD = "gnu++14";
				CLANG_CXX_LIBRARY = "libc++";
				CLANG_ENABLE_MODULES = YES;
				CLANG_ENABLE_OBJC_ARC = YES;
				CLANG_ENABLE_OBJC_WEAK = YES;
				CLANG_WARN_BLOCK_CAPTURE_AUTORELEASING = YES;
				CLANG_WARN_BOOL_CONVERSION = YES;
				CLANG_WARN_COMMA = YES;
				CLANG_WARN_CONSTANT_CONVERSION = YES;
				CLANG_WARN_DEPRECATED_OBJC_IMPLEMENTATIONS = YES;
				CLANG_WARN_DIRECT_OBJC_ISA_USAGE = YES_ERROR;
				CLANG_WARN_DOCUMENTATION_COMMENTS = YES;
				CLANG_WARN_EMPTY_BODY = YES;
				CLANG_WARN_ENUM_CONVERSION = YES;
				CLANG_WARN_INFINITE_RECURSION = YES;
				CLANG_WARN_INT_CONVERSION = YES;
				CLANG_WARN_NON_LITERAL_NULL_CONVERSION = YES;
				CLANG_WARN_OBJC_IMPLICIT_RETAIN_SELF = YES;
				CLANG_WARN_OBJC_LITERAL_CONVERSION = YES;
				CLANG_WARN_OBJC_ROOT_CLASS = YES_ERROR;
				CLANG_WARN_RANGE_LOOP_ANALYSIS = YES;
				CLANG_WARN_STRICT_PROTOTYPES = YES;
				CLANG_WARN_SUSPICIOUS_MOVE = YES;
				CLANG_WARN_UNGUARDED_AVAILABILITY = YES_AGGRESSIVE;
				CLANG_WARN_UNREACHABLE_CODE = YES;
				CLANG_WARN__DUPLICATE_METHOD_MATCH = YES;
				CODE_SIGN_IDENTITY = "iPhone Developer";
				COPY_PHASE_STRIP = NO;
				DEBUG_INFORMATION_FORMAT = "dwarf-with-dsym";
				ENABLE_NS_ASSERTIONS = NO;
				ENABLE_STRICT_OBJC_MSGSEND = YES;
				GCC_C_LANGUAGE_STANDARD = gnu11;
				GCC_NO_COMMON_BLOCKS = YES;
				GCC_WARN_64_TO_32_BIT_CONVERSION = YES;
				GCC_WARN_ABOUT_RETURN_TYPE = YES_ERROR;
				GCC_WARN_UNDECLARED_SELECTOR = YES;
				GCC_WARN_UNINITIALIZED_AUTOS = YES_AGGRESSIVE;
				GCC_WARN_UNUSED_FUNCTION = YES;
				GCC_WARN_UNUSED_VARIABLE = YES;
				IPHONEOS_DEPLOYMENT_TARGET = 12.0;
				MTL_ENABLE_DEBUG_INFO = NO;
				MTL_FAST_MATH = YES;
				SDKROOT = iphoneos;
				SWIFT_COMPILATION_MODE = wholemodule;
				SWIFT_OPTIMIZATION_LEVEL = "-O";
				VALIDATE_PRODUCT = YES;
			};
			name = Release;
		};
		80B1E9F92289EC7400A01E8E /* Debug */ = {
			isa = XCBuildConfiguration;
			buildSettings = {
				ASSETCATALOG_COMPILER_APPICON_NAME = AppIcon;
				CODE_SIGN_STYLE = Automatic;
				DEVELOPMENT_TEAM = GW4E92HSRQ;
				INFOPLIST_FILE = MySchedule/Info.plist;
				LD_RUNPATH_SEARCH_PATHS = (
					"$(inherited)",
					"@executable_path/Frameworks",
				);
				PRODUCT_BUNDLE_IDENTIFIER = "apps-by-george.com.MySchedule";
				PRODUCT_NAME = "$(TARGET_NAME)";
				SWIFT_VERSION = 5.0;
				TARGETED_DEVICE_FAMILY = "1,2";
			};
			name = Debug;
		};
		80B1E9FA2289EC7400A01E8E /* Release */ = {
			isa = XCBuildConfiguration;
			buildSettings = {
				ASSETCATALOG_COMPILER_APPICON_NAME = AppIcon;
				CODE_SIGN_STYLE = Automatic;
				DEVELOPMENT_TEAM = GW4E92HSRQ;
				INFOPLIST_FILE = MySchedule/Info.plist;
				LD_RUNPATH_SEARCH_PATHS = (
					"$(inherited)",
					"@executable_path/Frameworks",
				);
				PRODUCT_BUNDLE_IDENTIFIER = "apps-by-george.com.MySchedule";
				PRODUCT_NAME = "$(TARGET_NAME)";
				SWIFT_VERSION = 5.0;
				TARGETED_DEVICE_FAMILY = "1,2";
			};
			name = Release;
		};
		80B1E9FC2289EC7400A01E8E /* Debug */ = {
			isa = XCBuildConfiguration;
			buildSettings = {
				ALWAYS_EMBED_SWIFT_STANDARD_LIBRARIES = YES;
				BUNDLE_LOADER = "$(TEST_HOST)";
				CODE_SIGN_STYLE = Automatic;
				DEVELOPMENT_TEAM = GW4E92HSRQ;
				INFOPLIST_FILE = MyScheduleTests/Info.plist;
				LD_RUNPATH_SEARCH_PATHS = (
					"$(inherited)",
					"@executable_path/Frameworks",
					"@loader_path/Frameworks",
				);
				PRODUCT_BUNDLE_IDENTIFIER = "apps-by-george.com.MyScheduleTests";
				PRODUCT_NAME = "$(TARGET_NAME)";
				SWIFT_VERSION = 5.0;
				TARGETED_DEVICE_FAMILY = "1,2";
				TEST_HOST = "$(BUILT_PRODUCTS_DIR)/MySchedule.app/MySchedule";
			};
			name = Debug;
		};
		80B1E9FD2289EC7400A01E8E /* Release */ = {
			isa = XCBuildConfiguration;
			buildSettings = {
				ALWAYS_EMBED_SWIFT_STANDARD_LIBRARIES = YES;
				BUNDLE_LOADER = "$(TEST_HOST)";
				CODE_SIGN_STYLE = Automatic;
				DEVELOPMENT_TEAM = GW4E92HSRQ;
				INFOPLIST_FILE = MyScheduleTests/Info.plist;
				LD_RUNPATH_SEARCH_PATHS = (
					"$(inherited)",
					"@executable_path/Frameworks",
					"@loader_path/Frameworks",
				);
				PRODUCT_BUNDLE_IDENTIFIER = "apps-by-george.com.MyScheduleTests";
				PRODUCT_NAME = "$(TARGET_NAME)";
				SWIFT_VERSION = 5.0;
				TARGETED_DEVICE_FAMILY = "1,2";
				TEST_HOST = "$(BUILT_PRODUCTS_DIR)/MySchedule.app/MySchedule";
			};
			name = Release;
		};
		80B1E9FF2289EC7400A01E8E /* Debug */ = {
			isa = XCBuildConfiguration;
			buildSettings = {
				ALWAYS_EMBED_SWIFT_STANDARD_LIBRARIES = YES;
				CODE_SIGN_STYLE = Automatic;
				DEVELOPMENT_TEAM = GW4E92HSRQ;
				INFOPLIST_FILE = MyScheduleUITests/Info.plist;
				LD_RUNPATH_SEARCH_PATHS = (
					"$(inherited)",
					"@executable_path/Frameworks",
					"@loader_path/Frameworks",
				);
				PRODUCT_BUNDLE_IDENTIFIER = "apps-by-george.com.MyScheduleUITests";
				PRODUCT_NAME = "$(TARGET_NAME)";
				SWIFT_VERSION = 5.0;
				TARGETED_DEVICE_FAMILY = "1,2";
				TEST_TARGET_NAME = MySchedule;
			};
			name = Debug;
		};
		80B1EA002289EC7400A01E8E /* Release */ = {
			isa = XCBuildConfiguration;
			buildSettings = {
				ALWAYS_EMBED_SWIFT_STANDARD_LIBRARIES = YES;
				CODE_SIGN_STYLE = Automatic;
				DEVELOPMENT_TEAM = GW4E92HSRQ;
				INFOPLIST_FILE = MyScheduleUITests/Info.plist;
				LD_RUNPATH_SEARCH_PATHS = (
					"$(inherited)",
					"@executable_path/Frameworks",
					"@loader_path/Frameworks",
				);
				PRODUCT_BUNDLE_IDENTIFIER = "apps-by-george.com.MyScheduleUITests";
				PRODUCT_NAME = "$(TARGET_NAME)";
				SWIFT_VERSION = 5.0;
				TARGETED_DEVICE_FAMILY = "1,2";
				TEST_TARGET_NAME = MySchedule;
			};
			name = Release;
		};
/* End XCBuildConfiguration section */

/* Begin XCConfigurationList section */
		80B1E9CB2289EC7000A01E8E /* Build configuration list for PBXProject "MySchedule" */ = {
			isa = XCConfigurationList;
			buildConfigurations = (
				80B1E9F62289EC7400A01E8E /* Debug */,
				80B1E9F72289EC7400A01E8E /* Release */,
			);
			defaultConfigurationIsVisible = 0;
			defaultConfigurationName = Release;
		};
		80B1E9F82289EC7400A01E8E /* Build configuration list for PBXNativeTarget "MySchedule" */ = {
			isa = XCConfigurationList;
			buildConfigurations = (
				80B1E9F92289EC7400A01E8E /* Debug */,
				80B1E9FA2289EC7400A01E8E /* Release */,
			);
			defaultConfigurationIsVisible = 0;
			defaultConfigurationName = Release;
		};
		80B1E9FB2289EC7400A01E8E /* Build configuration list for PBXNativeTarget "MyScheduleTests" */ = {
			isa = XCConfigurationList;
			buildConfigurations = (
				80B1E9FC2289EC7400A01E8E /* Debug */,
				80B1E9FD2289EC7400A01E8E /* Release */,
			);
			defaultConfigurationIsVisible = 0;
			defaultConfigurationName = Release;
		};
		80B1E9FE2289EC7400A01E8E /* Build configuration list for PBXNativeTarget "MyScheduleUITests" */ = {
			isa = XCConfigurationList;
			buildConfigurations = (
				80B1E9FF2289EC7400A01E8E /* Debug */,
				80B1EA002289EC7400A01E8E /* Release */,
			);
			defaultConfigurationIsVisible = 0;
			defaultConfigurationName = Release;
		};
/* End XCConfigurationList section */
	};
	rootObject = 80B1E9C82289EC7000A01E8E /* Project object */;
}
